hash: 70b83129f12224d6fbbeb7f33a41c8abdf7fb229310cfbcef82a8b8289e71158
updated: 2018-11-23T15:42:30.066865+08:00
imports:
- name: github.com/cyphar/filepath-securejoin
  version: a261ee33d7a517f054effbf451841abaafe3e0fd
- name: github.com/dsnet/compress
  version: cc9eb1d7ad760af14e8f918698f745e80377af4f
  subpackages:
  - bzip2
  - bzip2/internal/sais
  - internal
  - internal/errors
  - internal/prefix
- name: github.com/ghodss/yaml
  version: 0ca9ea5df5451ffdf184b4428c902747c2c11cd7
- name: github.com/golang/protobuf
  version: 1643683e1b54a9e88ad26d98f81400c8c9d9f4f9
  subpackages:
  - proto
  - ptypes/any
  - ptypes/timestamp
- name: github.com/golang/snappy
  version: 2e65f85255dbc3072edf28d6b5b8efc472979f5a
- name: github.com/google/go-github
  version: f55b50f38167644bb7e4be03d9a2bde71d435239
  subpackages:
  - github
- name: github.com/google/go-querystring
  version: 53e6ce116135b80d037921a7fdd5138cf32d7a8a
  subpackages:
  - query
- name: github.com/gosuri/uitable
  version: 36ee7e946282a3fb1cfecd476ddc9b35d8847e42
  subpackages:
  - util/strutil
  - util/wordwrap
- name: github.com/inconshreveable/mousetrap
  version: 76626ae9c91c4f2a10f34cad8ce83ea42c93bb75
- name: github.com/Masterminds/semver
  version: 517734cc7d6470c0d07130e40fd40bdeb9bcd3fd
- name: github.com/mattn/go-runewidth
  version: c88d7e5f2e24de48a200a2655ac8a0910be9a0f7
- name: github.com/mholt/archiver
  version: e1ccfb528128bf4ff3bd906823ae2dcb708f79f5
  subpackages:
  - cmd/arc
- name: github.com/nwaples/rardecode
  version: 197ef08ef68c4454ae5970a9c2692d6056ceb8d7
- name: github.com/pierrec/lz4
  version: 623b5a2f4d2a41e411730dcdfbfdaeb5c0c4564e
  subpackages:
  - internal/xxh32
- name: github.com/spf13/cobra
  version: ef82de70bb3f60c65fb8eebacbb2d122ef517385
- name: github.com/spf13/pflag
  version: 3ebe029320b2676d667ae88da602a5f854788a8a
- name: github.com/ulikunitz/xz
  version: 590df8077fbcb06ad62d7714da06c00e5dd2316d
  subpackages:
  - internal/hash
  - internal/xlog
  - lzma
- name: github.com/xi2/xz
  version: 48954b6210f8d154cb5f8484d3a3e1f83489309e
- name: golang.org/x/crypto
  version: de0752318171da717af4ce24d0a2e8626afaeb11
  subpackages:
  - ssh/terminal
- name: golang.org/x/net
  version: c39426892332e1bb5ec0a434a079bf82f5d30c54
  subpackages:
  - context
  - context/ctxhttp
- name: golang.org/x/oauth2
  version: d2e6202438beef2727060aa7cabdd924d92ebfd9
  subpackages:
  - internal
- name: golang.org/x/sys
  version: 98c5dad5d1a0e8a73845ecc8897d0bd56586511d
  subpackages:
  - unix
  - windows
- name: google.golang.org/appengine
  version: 03cac3b07182cfb08c0d0c0b6ee72a1ceb151c92
  subpackages:
  - internal
  - internal/base
  - internal/datastore
  - internal/log
  - internal/remote_api
  - internal/urlfetch
  - urlfetch
- name: gopkg.in/yaml.v2
  version: 5420a8b6744d3b0345ab293f6fcba19c978f1183
- name: k8s.io/helm
  version: 560b84d53c05885ba84384574520fdcf626937a3
  subpackages:
  - pkg/proto/hapi/version
  - pkg/tlsutil
  - pkg/urlutil
  - pkg/version
testImports: []
